
Microsoft Visual Studio Solution File, Format Version 12.00
# Visual Studio Version 17
VisualStudioVersion = 17.10.35027.167
MinimumVisualStudioVersion = 10.0.40219.1
Project("{FAE04EC0-301F-11D3-BF4B-00C04F79EFBC}") = "WebApiHcc", "WebApiHcc\WebApiHcc.csproj", "{3B7CBCD8-524B-4181-94D6-84468E708AED}"
EndProject
Global
	GlobalSection(SolutionConfigurationPlatforms) = preSolution
		Debug|Any CPU = Debug|Any CPU
		Release|Any CPU = Release|Any CPU
	EndGlobalSection
	GlobalSection(ProjectConfigurationPlatforms) = postSolution
		{3B7CBCD8-524B-4181-94D6-84468E708AED}.Debug|Any CPU.ActiveCfg = Debug|Any CPU
		{3B7CBCD8-524B-4181-94D6-84468E708AED}.Debug|Any CPU.Build.0 = Debug|Any CPU
		{3B7CBCD8-524B-4181-94D6-84468E708AED}.Release|Any CPU.ActiveCfg = Release|Any CPU
		{3B7CBCD8-524B-4181-94D6-84468E708AED}.Release|Any CPU.Build.0 = Release|Any CPU
	EndGlobalSection
	GlobalSection(SolutionProperties) = preSolution
		HideSolutionNode = FALSE
	EndGlobalSection
	GlobalSection(ExtensibilityGlobals) = postSolution
		SolutionGuid = {01FA1E3B-A7E4-40A5-93EF-32A2C677336F}
	EndGlobalSection
EndGlobal
